{
  "nodes": {
    "fenix": {
      "inputs": {
        "nixpkgs": [
          "nixpkgs"
        ],
        "rust-analyzer-src": "rust-analyzer-src"
      },
      "locked": {
        "lastModified": 1751265761,
        "narHash": "sha256-VSbk7ppgFSqBxlsWtzIO52iT9TKkLJrmVYOIhQi13Kg=",
        "owner": "nix-community",
        "repo": "fenix",
        "rev": "19c910fe3de1768e64e76b5ee6daa346e6b07410",
        "type": "github"
      },
      "original": {
        "owner": "nix-community",
        "repo": "fenix",
        "type": "github"
      }
    },
    "home-manager": {
      "inputs": {
        "nixpkgs": [
          "nixpkgs"
        ]
      },
      "locked": {
        "lastModified": 1751309344,
        "narHash": "sha256-zmb01yyOXttyhJD3kRtW6Pkt1lsPbJvN3P92/GnI0tk=",
        "owner": "nix-community",
        "repo": "home-manager",
        "rev": "78fc50f1cf8e57a974ff4bfe654563fce43d6289",
        "type": "github"
      },
      "original": {
        "owner": "nix-community",
        "repo": "home-manager",
        "type": "github"
      }
    },
    "nh": {
      "inputs": {
        "nixpkgs": [
          "nixpkgs"
        ]
      },
      "locked": {
        "lastModified": 1746970529,
        "narHash": "sha256-wGvgdmfouiM3jdIdnRRgA8qySJra0DLcenwk2geM2Xc=",
        "owner": "ToyVo",
        "repo": "nh",
        "rev": "bf935c422a372edcd51e9c9e3dca9474dd1c6f97",
        "type": "github"
      },
      "original": {
        "owner": "ToyVo",
        "repo": "nh",
        "type": "github"
      }
    },
    "nixpkgs": {
      "locked": {
        "lastModified": 1751011381,
        "narHash": "sha256-krGXKxvkBhnrSC/kGBmg5MyupUUT5R6IBCLEzx9jhMM=",
        "owner": "NixOS",
        "repo": "nixpkgs",
        "rev": "30e2e2857ba47844aa71991daa6ed1fc678bcbb7",
        "type": "github"
      },
      "original": {
        "id": "nixpkgs",
        "ref": "nixos-unstable",
        "type": "indirect"
      }
    },
    "nixpkgs-stable": {
      "locked": {
        "lastModified": 1751048012,
        "narHash": "sha256-MYbotu4UjWpTsq01wglhN5xDRfZYLFtNk7SBY0BcjkU=",
        "owner": "NixOS",
        "repo": "nixpkgs",
        "rev": "a684c58d46ebbede49f280b653b9e56100aa3877",
        "type": "github"
      },
      "original": {
        "id": "nixpkgs",
        "ref": "nixos-24.11",
        "type": "indirect"
      }
    },
    "root": {
      "inputs": {
        "fenix": "fenix",
        "home-manager": "home-manager",
        "nh": "nh",
        "nixpkgs": "nixpkgs",
        "nixpkgs-stable": "nixpkgs-stable",
        "sops-nix": "sops-nix"
      }
    },
    "rust-analyzer-src": {
      "flake": false,
      "locked": {
        "lastModified": 1751210071,
        "narHash": "sha256-v7XmmLBNRMzRXiVCeH60ZeGEqo+aagmwawI0Z9+EoXY=",
        "owner": "rust-lang",
        "repo": "rust-analyzer",
        "rev": "6df12139bccaaeecf6a34789e0ca799d1fe99c53",
        "type": "github"
      },
      "original": {
        "owner": "rust-lang",
        "ref": "nightly",
        "repo": "rust-analyzer",
        "type": "github"
      }
    },
    "sops-nix": {
      "inputs": {
        "nixpkgs": [
          "nixpkgs"
        ]
      },
      "locked": {
        "lastModified": 1750119275,
        "narHash": "sha256-Rr7Pooz9zQbhdVxux16h7URa6mA80Pb/G07T4lHvh0M=",
        "owner": "Mic92",
        "repo": "sops-nix",
        "rev": "77c423a03b9b2b79709ea2cb63336312e78b72e2",
        "type": "github"
      },
      "original": {
        "owner": "Mic92",
        "repo": "sops-nix",
        "type": "github"
      }
    }
  },
  "root": "root",
  "version": 7
}
